
Microsoft Visual Studio Solution File, Format Version 12.00
# Visual Studio Version 17
VisualStudioVersion = 17.10.35013.160
MinimumVisualStudioVersion = 10.0.40219.1
Project("{FAE04EC0-301F-11D3-BF4B-00C04F79EFBC}") = "SalesWebMvc", "SalesWebMvc\SalesWebMvc.csproj", "{589DB1E9-BC0C-4226-A7C1-B96C9D734CE7}"
EndProject
Global
	GlobalSection(SolutionConfigurationPlatforms) = preSolution
		Debug|Any CPU = Debug|Any CPU
		Release|Any CPU = Release|Any CPU
	EndGlobalSection
	GlobalSection(ProjectConfigurationPlatforms) = postSolution
		{589DB1E9-BC0C-4226-A7C1-B96C9D734CE7}.Debug|Any CPU.ActiveCfg = Debug|Any CPU
		{589DB1E9-BC0C-4226-A7C1-B96C9D734CE7}.Debug|Any CPU.Build.0 = Debug|Any CPU
		{589DB1E9-BC0C-4226-A7C1-B96C9D734CE7}.Release|Any CPU.ActiveCfg = Release|Any CPU
		{589DB1E9-BC0C-4226-A7C1-B96C9D734CE7}.Release|Any CPU.Build.0 = Release|Any CPU
	EndGlobalSection
	GlobalSection(SolutionProperties) = preSolution
		HideSolutionNode = FALSE
	EndGlobalSection
	GlobalSection(ExtensibilityGlobals) = postSolution
		SolutionGuid = {CC553083-67B0-46F3-8110-432B6F9366F2}
	EndGlobalSection
EndGlobal
